
Microsoft Visual Studio Solution File, Format Version 12.00
# Visual Studio 15
VisualStudioVersion = 15.0.27617.1
MinimumVisualStudioVersion = 10.0.40219.1
Project("{FAE04EC0-301F-11D3-BF4B-00C04F79EFBC}") = "KendoUIWebApi.UI", "KendoUIWebApi.UI\KendoUIWebApi.UI.csproj", "{6F28FD27-4A5B-4006-A988-E51DB43B0157}"
EndProject
Project("{FAE04EC0-301F-11D3-BF4B-00C04F79EFBC}") = "KendoUIWebApi.Infra.Data", "KendoUIWebApi.Infra.Data\KendoUIWebApi.Infra.Data.csproj", "{4E06F364-AECD-4582-A23B-2F185BCADEE3}"
EndProject
Project("{FAE04EC0-301F-11D3-BF4B-00C04F79EFBC}") = "KendoUIWebApi.Domain", "KendoUIWebApi.Domain\KendoUIWebApi.Domain.csproj", "{D8B33FA9-4825-41E0-9708-3FE8296928EB}"
EndProject
Project("{FAE04EC0-301F-11D3-BF4B-00C04F79EFBC}") = "KendoUIWebApi.Application", "KendoUIWebApi.Application\KendoUIWebApi.Application.csproj", "{5E9FD910-932A-49CD-A1E1-59E8B5C99371}"
EndProject
Global
	GlobalSection(SolutionConfigurationPlatforms) = preSolution
		Debug|Any CPU = Debug|Any CPU
		Release|Any CPU = Release|Any CPU
	EndGlobalSection
	GlobalSection(ProjectConfigurationPlatforms) = postSolution
		{6F28FD27-4A5B-4006-A988-E51DB43B0157}.Debug|Any CPU.ActiveCfg = Debug|Any CPU
		{6F28FD27-4A5B-4006-A988-E51DB43B0157}.Debug|Any CPU.Build.0 = Debug|Any CPU
		{6F28FD27-4A5B-4006-A988-E51DB43B0157}.Release|Any CPU.ActiveCfg = Release|Any CPU
		{6F28FD27-4A5B-4006-A988-E51DB43B0157}.Release|Any CPU.Build.0 = Release|Any CPU
		{4E06F364-AECD-4582-A23B-2F185BCADEE3}.Debug|Any CPU.ActiveCfg = Debug|Any CPU
		{4E06F364-AECD-4582-A23B-2F185BCADEE3}.Debug|Any CPU.Build.0 = Debug|Any CPU
		{4E06F364-AECD-4582-A23B-2F185BCADEE3}.Release|Any CPU.ActiveCfg = Release|Any CPU
		{4E06F364-AECD-4582-A23B-2F185BCADEE3}.Release|Any CPU.Build.0 = Release|Any CPU
		{D8B33FA9-4825-41E0-9708-3FE8296928EB}.Debug|Any CPU.ActiveCfg = Debug|Any CPU
		{D8B33FA9-4825-41E0-9708-3FE8296928EB}.Debug|Any CPU.Build.0 = Debug|Any CPU
		{D8B33FA9-4825-41E0-9708-3FE8296928EB}.Release|Any CPU.ActiveCfg = Release|Any CPU
		{D8B33FA9-4825-41E0-9708-3FE8296928EB}.Release|Any CPU.Build.0 = Release|Any CPU
		{5E9FD910-932A-49CD-A1E1-59E8B5C99371}.Debug|Any CPU.ActiveCfg = Debug|Any CPU
		{5E9FD910-932A-49CD-A1E1-59E8B5C99371}.Debug|Any CPU.Build.0 = Debug|Any CPU
		{5E9FD910-932A-49CD-A1E1-59E8B5C99371}.Release|Any CPU.ActiveCfg = Release|Any CPU
		{5E9FD910-932A-49CD-A1E1-59E8B5C99371}.Release|Any CPU.Build.0 = Release|Any CPU
	EndGlobalSection
	GlobalSection(SolutionProperties) = preSolution
		HideSolutionNode = FALSE
	EndGlobalSection
	GlobalSection(ExtensibilityGlobals) = postSolution
		SolutionGuid = {D1ADC22A-451C-4BB9-BBAB-884D42B88F41}
	EndGlobalSection
EndGlobal
